<?xml version="1.0" encoding="utf-8"?>
<Project ToolsVersion="4.0" xmlns="http://schemas.microsoft.com/developer/msbuild/2003">
  <ItemGroup>
    <Filter Include="Headers">
      <UniqueIdentifier>{93995380-89BD-4b04-88EB-625FBE52EBFB}</UniqueIdentifier>
      <Extensions>h;hh;hpp;hxx;hm;inl;inc;ipp;xsd</Extensions>
    </Filter>
    <Filter Include="Source">
      <UniqueIdentifier>{4FC737F1-C7A5-4376-A066-2A32D752A2FF}</UniqueIdentifier>
      <Extensions>cpp;c;cc;cxx;def;odl;idl;hpj;bat;asm;asmx</Extensions>
    </Filter>
    <Filter Include="Resources">
      <UniqueIdentifier>{67DA6AB6-F800-4c08-8B7A-83BB121AAD01}</UniqueIdentifier>
      <Extensions>rc;ico;cur;bmp;dlg;rc2;rct;bin;rgs;gif;jpg;jpeg;jpe;resx;tiff;tif;png;wav;mfcribbon-ms</Extensions>
    </Filter>
    <Filter Include="Source\Entity">
      <UniqueIdentifier>{b8baec95-af34-4cbb-8354-f63d2368d89b}</UniqueIdentifier>
    </Filter>
    <Filter Include="Headers\Entity">
      <UniqueIdentifier>{c9ea653c-e6e6-46b7-84f1-350dd56e0cf4}</UniqueIdentifier>
    </Filter>
    <Filter Include="Source\Entity\Entity2D">
      <UniqueIdentifier>{aa677363-458d-49ef-b4f3-f5584f040bbf}</UniqueIdentifier>
    </Filter>
    <Filter Include="Headers\Entity\Entity2D">
      <UniqueIdentifier>{b0fba83e-868b-48aa-a36f-e823da52b7a7}</UniqueIdentifier>
    </Filter>
    <Filter Include="Headers\Entity\Entity2D\Shape">
      <UniqueIdentifier>{44459782-195f-44ca-ae3f-b64794affb0a}</UniqueIdentifier>
    </Filter>
    <Filter Include="Source\Entity\Entity2D\Shape">
      <UniqueIdentifier>{4cf785e6-555e-455e-87e9-40a0028025c1}</UniqueIdentifier>
    </Filter>
    <Filter Include="Source\Entity\Entity2D\Shape\Shapes">
      <UniqueIdentifier>{4afebfe1-9eb4-4a82-b38b-13d6b31f62d9}</UniqueIdentifier>
    </Filter>
    <Filter Include="Headers\Entity\Entity2D\Shape\Shapes">
      <UniqueIdentifier>{b44e4c93-6a6e-4674-99f3-c62acc284846}</UniqueIdentifier>
    </Filter>
    <Filter Include="Source\Data Organizers">
      <UniqueIdentifier>{64ff67fb-337e-4a2c-9b94-d6a0cd0fe12d}</UniqueIdentifier>
    </Filter>
    <Filter Include="Headers\Data Organizers">
      <UniqueIdentifier>{91bde17a-3ba9-465b-97e4-80fe94d15bfe}</UniqueIdentifier>
    </Filter>
    <Filter Include="Headers\Utility">
      <UniqueIdentifier>{a34d5e66-a6f9-423c-ae39-cd82c54f9ee3}</UniqueIdentifier>
    </Filter>
    <Filter Include="Headers\Data Organizers\Buffer">
      <UniqueIdentifier>{25a2450b-b7d6-43fe-b945-73e34d7e4d12}</UniqueIdentifier>
    </Filter>
  </ItemGroup>
  <ItemGroup>
    <ClCompile Include="src\Base.cpp">
      <Filter>Source</Filter>
    </ClCompile>
    <ClCompile Include="src\Window.cpp">
      <Filter>Source</Filter>
    </ClCompile>
    <ClCompile Include="src\Renderer.cpp">
      <Filter>Source</Filter>
    </ClCompile>
    <ClCompile Include="src\Entity\Entity.cpp">
      <Filter>Source\Entity</Filter>
    </ClCompile>
    <ClCompile Include="src\Entity\Entity2D\Entity2D.cpp">
      <Filter>Source\Entity\Entity2D</Filter>
    </ClCompile>
    <ClCompile Include="src\Entity\Entity2D\Shape\Shape.cpp">
      <Filter>Source\Entity\Entity2D\Shape</Filter>
    </ClCompile>
    <ClCompile Include="src\Entity\Entity2D\Shape\Shapes\Triangle.cpp">
      <Filter>Source\Entity\Entity2D\Shape\Shapes</Filter>
    </ClCompile>
    <ClCompile Include="src\Data Organizers\Vertex.cpp">
      <Filter>Source\Data Organizers</Filter>
    </ClCompile>
    <ClCompile Include="src\Entity\Entity2D\Shape\Shapes\Square.cpp">
      <Filter>Source\Entity\Entity2D\Shape\Shapes</Filter>
    </ClCompile>
    <ClCompile Include="src\Data Organizers\Program.cpp">
      <Filter>Source\Data Organizers</Filter>
    </ClCompile>
    <ClCompile Include="src\Data Organizers\Vector2.cpp">
      <Filter>Source\Data Organizers</Filter>
    </ClCompile>
    <ClCompile Include="src\InputManager.cpp">
      <Filter>Source</Filter>
    </ClCompile>
    <ClCompile Include="src\Data Organizers\Buffer\Buffer.cpp">
      <Filter>Headers\Data Organizers\Buffer</Filter>
    </ClCompile>
  </ItemGroup>
  <ItemGroup>
    <ClInclude Include="src\Base.h">
      <Filter>Headers</Filter>
    </ClInclude>
    <ClInclude Include="src\DLLManager.h">
      <Filter>Headers</Filter>
    </ClInclude>
    <ClInclude Include="src\Window.h">
      <Filter>Headers</Filter>
    </ClInclude>
    <ClInclude Include="src\Renderer.h">
      <Filter>Headers</Filter>
    </ClInclude>
    <ClInclude Include="src\Entity\Entity.h">
      <Filter>Headers\Entity</Filter>
    </ClInclude>
    <ClInclude Include="src\Entity\Entity2D\Entity2D.h">
      <Filter>Headers\Entity\Entity2D</Filter>
    </ClInclude>
    <ClInclude Include="src\Entity\Entity2D\Shape\Shape.h">
      <Filter>Headers\Entity\Entity2D\Shape</Filter>
    </ClInclude>
    <ClInclude Include="src\Entity\Entity2D\Shape\Shapes\Triangle.h">
      <Filter>Headers\Entity\Entity2D\Shape\Shapes</Filter>
    </ClInclude>
    <ClInclude Include="src\Data Organizers\Vertex.h">
      <Filter>Headers\Data Organizers</Filter>
    </ClInclude>
    <ClInclude Include="src\Entity\Entity2D\Shape\Shapes\Square.h">
      <Filter>Headers\Entity\Entity2D\Shape\Shapes</Filter>
    </ClInclude>
    <ClInclude Include="src\Data Organizers\Program.h">
      <Filter>Headers\Data Organizers</Filter>
    </ClInclude>
    <ClInclude Include="src\Data Organizers\Vector2.h">
      <Filter>Headers\Data Organizers</Filter>
    </ClInclude>
    <ClInclude Include="src\Utility\Singleton.h">
      <Filter>Headers\Utility</Filter>
    </ClInclude>
    <ClInclude Include="src\InputManager.h">
      <Filter>Headers</Filter>
    </ClInclude>
    <ClInclude Include="src\Utility\KeyCodes.h">
      <Filter>Headers\Utility</Filter>
    </ClInclude>
    <ClInclude Include="src\Utility\GlIncludes.h">
      <Filter>Headers\Utility</Filter>
    </ClInclude>
    <ClInclude Include="src\Utility\stb_image.h">
      <Filter>Headers\Utility</Filter>
    </ClInclude>
    <ClInclude Include="src\Data Organizers\Buffer\Buffer.h">
      <Filter>Headers\Data Organizers\Buffer</Filter>
    </ClInclude>
    <ClInclude Include="src\Utility\Color.h">
      <Filter>Headers\Utility</Filter>
    </ClInclude>
  </ItemGroup>
  <ItemGroup>
    <Image Include="..\..\Estructura de Carpetas.jpg">
      <Filter>Resources</Filter>
    </Image>
    <Image Include="..\..\Diagrama de Clases.jpg">
      <Filter>Resources</Filter>
    </Image>
  </ItemGroup>
  <ItemGroup>
    <None Include="shaders\vertexShader.shader">
      <Filter>Resources</Filter>
    </None>
    <None Include="shaders\fragmentShader.shader">
      <Filter>Resources</Filter>
    </None>
  </ItemGroup>
</Project>